
Microsoft Visual Studio Solution File, Format Version 12.00
# Visual Studio Version 17
VisualStudioVersion = 17.14.37502.11 d17.14
MinimumVisualStudioVersion = 10.0.40219.1
Project("{FAE04EC0-301F-11D3-BF4B-00C04F79EFBC}") = "kaoshi8_21_1", "kaoshi8_21_1\kaoshi8_21_1.csproj", "{45CA53B0-4F15-4C0E-8E27-656F393AE3C4}"
EndProject
Global
	GlobalSection(SolutionConfigurationPlatforms) = preSolution
		Debug|Any CPU = Debug|Any CPU
		Release|Any CPU = Release|Any CPU
	EndGlobalSection
	GlobalSection(ProjectConfigurationPlatforms) = postSolution
		{45CA53B0-4F15-4C0E-8E27-656F393AE3C4}.Debug|Any CPU.ActiveCfg = Debug|Any CPU
		{45CA53B0-4F15-4C0E-8E27-656F393AE3C4}.Debug|Any CPU.Build.0 = Debug|Any CPU
		{45CA53B0-4F15-4C0E-8E27-656F393AE3C4}.Release|Any CPU.ActiveCfg = Release|Any CPU
		{45CA53B0-4F15-4C0E-8E27-656F393AE3C4}.Release|Any CPU.Build.0 = Release|Any CPU
	EndGlobalSection
	GlobalSection(SolutionProperties) = preSolution
		HideSolutionNode = FALSE
	EndGlobalSection
	GlobalSection(ExtensibilityGlobals) = postSolution
		SolutionGuid = {57321074-C4D4-46F0-8C74-FFB843D47C32}
	EndGlobalSection
EndGlobal
