
Microsoft Visual Studio Solution File, Format Version 12.00
# Visual Studio Version 17
VisualStudioVersion = 17.14.37502.11 d17.14
MinimumVisualStudioVersion = 10.0.40219.1
Project("{FAE04EC0-301F-11D3-BF4B-00C04F79EFBC}") = "xunlian", "xunlian.csproj", "{B1A0C836-41AA-41E9-9DA6-A65AD673DFD2}"
EndProject
Global
	GlobalSection(SolutionConfigurationPlatforms) = preSolution
		Debug|Any CPU = Debug|Any CPU
		Release|Any CPU = Release|Any CPU
	EndGlobalSection
	GlobalSection(ProjectConfigurationPlatforms) = postSolution
		{B1A0C836-41AA-41E9-9DA6-A65AD673DFD2}.Debug|Any CPU.ActiveCfg = Debug|Any CPU
		{B1A0C836-41AA-41E9-9DA6-A65AD673DFD2}.Debug|Any CPU.Build.0 = Debug|Any CPU
		{B1A0C836-41AA-41E9-9DA6-A65AD673DFD2}.Release|Any CPU.ActiveCfg = Release|Any CPU
		{B1A0C836-41AA-41E9-9DA6-A65AD673DFD2}.Release|Any CPU.Build.0 = Release|Any CPU
	EndGlobalSection
	GlobalSection(SolutionProperties) = preSolution
		HideSolutionNode = FALSE
	EndGlobalSection
	GlobalSection(ExtensibilityGlobals) = postSolution
		SolutionGuid = {F8F95D2A-84EA-4145-A5BC-431D075E1D23}
	EndGlobalSection
EndGlobal
