
Microsoft Visual Studio Solution File, Format Version 12.00
# Visual Studio Version 17
VisualStudioVersion = 17.14.37502.11 d17.14
MinimumVisualStudioVersion = 10.0.40219.1
Project("{FAE04EC0-301F-11D3-BF4B-00C04F79EFBC}") = "zixi8_10", "zixi8_10.csproj", "{1902950F-E3D8-4FCB-B3B0-D141D1470806}"
EndProject
Global
	GlobalSection(SolutionConfigurationPlatforms) = preSolution
		Debug|Any CPU = Debug|Any CPU
		Release|Any CPU = Release|Any CPU
	EndGlobalSection
	GlobalSection(ProjectConfigurationPlatforms) = postSolution
		{1902950F-E3D8-4FCB-B3B0-D141D1470806}.Debug|Any CPU.ActiveCfg = Debug|Any CPU
		{1902950F-E3D8-4FCB-B3B0-D141D1470806}.Debug|Any CPU.Build.0 = Debug|Any CPU
		{1902950F-E3D8-4FCB-B3B0-D141D1470806}.Release|Any CPU.ActiveCfg = Release|Any CPU
		{1902950F-E3D8-4FCB-B3B0-D141D1470806}.Release|Any CPU.Build.0 = Release|Any CPU
	EndGlobalSection
	GlobalSection(SolutionProperties) = preSolution
		HideSolutionNode = FALSE
	EndGlobalSection
	GlobalSection(ExtensibilityGlobals) = postSolution
		SolutionGuid = {2B4540FE-E2C8-4780-971C-2844D0F0FA54}
	EndGlobalSection
EndGlobal
