
Microsoft Visual Studio Solution File, Format Version 12.00
# Visual Studio Version 17
VisualStudioVersion = 17.14.37502.11 d17.14
MinimumVisualStudioVersion = 10.0.40219.1
Project("{FAE04EC0-301F-11D3-BF4B-00C04F79EFBC}") = "zuoye8_14", "zuoye8_14.csproj", "{F946AEEB-C974-4283-AF03-39D8329F575A}"
EndProject
Global
	GlobalSection(SolutionConfigurationPlatforms) = preSolution
		Debug|Any CPU = Debug|Any CPU
		Release|Any CPU = Release|Any CPU
	EndGlobalSection
	GlobalSection(ProjectConfigurationPlatforms) = postSolution
		{F946AEEB-C974-4283-AF03-39D8329F575A}.Debug|Any CPU.ActiveCfg = Debug|Any CPU
		{F946AEEB-C974-4283-AF03-39D8329F575A}.Debug|Any CPU.Build.0 = Debug|Any CPU
		{F946AEEB-C974-4283-AF03-39D8329F575A}.Release|Any CPU.ActiveCfg = Release|Any CPU
		{F946AEEB-C974-4283-AF03-39D8329F575A}.Release|Any CPU.Build.0 = Release|Any CPU
	EndGlobalSection
	GlobalSection(SolutionProperties) = preSolution
		HideSolutionNode = FALSE
	EndGlobalSection
	GlobalSection(ExtensibilityGlobals) = postSolution
		SolutionGuid = {A030EF76-DEB8-449F-AFCE-5ECC6F8E0C00}
	EndGlobalSection
EndGlobal
